
Microsoft Visual Studio Solution File, Format Version 12.00
# Visual Studio Version 17
VisualStudioVersion = 17.2.32630.192
MinimumVisualStudioVersion = 10.0.40219.1
Project("{FAE04EC0-301F-11D3-BF4B-00C04F79EFBC}") = "lab8.2", "lab8.2\lab8.2.csproj", "{DCF20806-3C41-4149-99D0-2FD8FC4BD6FF}"
EndProject
Global
	GlobalSection(SolutionConfigurationPlatforms) = preSolution
		Debug|Any CPU = Debug|Any CPU
		Release|Any CPU = Release|Any CPU
	EndGlobalSection
	GlobalSection(ProjectConfigurationPlatforms) = postSolution
		{DCF20806-3C41-4149-99D0-2FD8FC4BD6FF}.Debug|Any CPU.ActiveCfg = Debug|Any CPU
		{DCF20806-3C41-4149-99D0-2FD8FC4BD6FF}.Debug|Any CPU.Build.0 = Debug|Any CPU
		{DCF20806-3C41-4149-99D0-2FD8FC4BD6FF}.Release|Any CPU.ActiveCfg = Release|Any CPU
		{DCF20806-3C41-4149-99D0-2FD8FC4BD6FF}.Release|Any CPU.Build.0 = Release|Any CPU
	EndGlobalSection
	GlobalSection(SolutionProperties) = preSolution
		HideSolutionNode = FALSE
	EndGlobalSection
	GlobalSection(ExtensibilityGlobals) = postSolution
		SolutionGuid = {41C701A8-F8F4-4B5B-9687-3988230CCC2A}
	EndGlobalSection
EndGlobal
